
Microsoft Visual Studio Solution File, Format Version 12.00
# Visual Studio Version 16
VisualStudioVersion = 16.0.34601.136
MinimumVisualStudioVersion = 10.0.40219.1
Project("{FAE04EC0-301F-11D3-BF4B-00C04F79EFBC}") = "1SAMS", "1SAMS\1SAMS.csproj", "{A5D1C157-7E2F-4024-867C-7BD13AE2C7A9}"
EndProject
Global
	GlobalSection(SolutionConfigurationPlatforms) = preSolution
		Debug|Any CPU = Debug|Any CPU
		Release|Any CPU = Release|Any CPU
	EndGlobalSection
	GlobalSection(ProjectConfigurationPlatforms) = postSolution
		{A5D1C157-7E2F-4024-867C-7BD13AE2C7A9}.Debug|Any CPU.ActiveCfg = Debug|Any CPU
		{A5D1C157-7E2F-4024-867C-7BD13AE2C7A9}.Debug|Any CPU.Build.0 = Debug|Any CPU
		{A5D1C157-7E2F-4024-867C-7BD13AE2C7A9}.Release|Any CPU.ActiveCfg = Release|Any CPU
		{A5D1C157-7E2F-4024-867C-7BD13AE2C7A9}.Release|Any CPU.Build.0 = Release|Any CPU
	EndGlobalSection
	GlobalSection(SolutionProperties) = preSolution
		HideSolutionNode = FALSE
	EndGlobalSection
	GlobalSection(ExtensibilityGlobals) = postSolution
		SolutionGuid = {1C3C05F6-C41A-4E53-9FCA-54E516ADA232}
	EndGlobalSection
EndGlobal
